
Microsoft Visual Studio Solution File, Format Version 12.00
# Visual Studio Version 17
VisualStudioVersion = 17.7.34031.279
MinimumVisualStudioVersion = 10.0.40219.1
Project("{FAE04EC0-301F-11D3-BF4B-00C04F79EFBC}") = "CredsEncrypted", "CredsEncrypted.csproj", "{A6167121-7FDB-4575-997D-BD4BAFEE8607}"
EndProject
Global
	GlobalSection(SolutionConfigurationPlatforms) = preSolution
		Debug|Any CPU = Debug|Any CPU
		Release|Any CPU = Release|Any CPU
	EndGlobalSection
	GlobalSection(ProjectConfigurationPlatforms) = postSolution
		{A6167121-7FDB-4575-997D-BD4BAFEE8607}.Debug|Any CPU.ActiveCfg = Debug|Any CPU
		{A6167121-7FDB-4575-997D-BD4BAFEE8607}.Debug|Any CPU.Build.0 = Debug|Any CPU
		{A6167121-7FDB-4575-997D-BD4BAFEE8607}.Release|Any CPU.ActiveCfg = Release|Any CPU
		{A6167121-7FDB-4575-997D-BD4BAFEE8607}.Release|Any CPU.Build.0 = Release|Any CPU
	EndGlobalSection
	GlobalSection(SolutionProperties) = preSolution
		HideSolutionNode = FALSE
	EndGlobalSection
	GlobalSection(ExtensibilityGlobals) = postSolution
		SolutionGuid = {EA448EC4-86EE-4231-9C63-62B9D6A62862}
	EndGlobalSection
EndGlobal
